{
  "name": "availabili.tf",
  "lockfileVersion": 3,
  "requires": true,
  "packages": {
    "": {
      "dependencies": {
        "v-dropdown-menu": "^2.0.4"
      }
    },
    "node_modules/v-dropdown-menu": {
      "version": "2.0.4",
      "resolved": "https://registry.npmjs.org/v-dropdown-menu/-/v-dropdown-menu-2.0.4.tgz",
      "integrity": "sha512-YPHnx29YWVSdRO8IZcIKNCmSx2jFOkU/5Jyv8pN7P/z2Jif/L6Xto3J29LwIhday1zwMI5sjmU5bNMbBnmdg0A==",
      "license": "MIT",
      "engines": {
        "node": ">=12"
      }
    }
  }
}
